
Microsoft Visual Studio Solution File, Format Version 12.00
# Visual Studio Version 16
VisualStudioVersion = 16.0.31321.278
MinimumVisualStudioVersion = 10.0.40219.1
Project("{FAE04EC0-301F-11D3-BF4B-00C04F79EFBC}") = "Task-Tigaraksa", "Task-Tigaraksa\Task-Tigaraksa.csproj", "{AC130BF1-D0D4-46B0-A634-A278F6FB3AE7}"
EndProject
Global
	GlobalSection(SolutionConfigurationPlatforms) = preSolution
		Debug|Any CPU = Debug|Any CPU
		Release|Any CPU = Release|Any CPU
	EndGlobalSection
	GlobalSection(ProjectConfigurationPlatforms) = postSolution
		{AC130BF1-D0D4-46B0-A634-A278F6FB3AE7}.Debug|Any CPU.ActiveCfg = Debug|Any CPU
		{AC130BF1-D0D4-46B0-A634-A278F6FB3AE7}.Debug|Any CPU.Build.0 = Debug|Any CPU
		{AC130BF1-D0D4-46B0-A634-A278F6FB3AE7}.Release|Any CPU.ActiveCfg = Release|Any CPU
		{AC130BF1-D0D4-46B0-A634-A278F6FB3AE7}.Release|Any CPU.Build.0 = Release|Any CPU
	EndGlobalSection
	GlobalSection(SolutionProperties) = preSolution
		HideSolutionNode = FALSE
	EndGlobalSection
	GlobalSection(ExtensibilityGlobals) = postSolution
		SolutionGuid = {8DD8775B-A666-4758-AB06-1E24BEA7D90B}
	EndGlobalSection
EndGlobal
